
Microsoft Visual Studio Solution File, Format Version 12.00
# Visual Studio Version 17
VisualStudioVersion = 17.10.35027.167
MinimumVisualStudioVersion = 10.0.40219.1
Project("{888888A0-9F3D-457C-B088-3A5042F75D52}") = "To-Do List", "To-Do List.pyproj", "{3B366E70-892C-4C42-9CE6-A871F0AA77CE}"
EndProject
Global
	GlobalSection(SolutionConfigurationPlatforms) = preSolution
		Debug|Any CPU = Debug|Any CPU
		Release|Any CPU = Release|Any CPU
	EndGlobalSection
	GlobalSection(ProjectConfigurationPlatforms) = postSolution
		{3B366E70-892C-4C42-9CE6-A871F0AA77CE}.Debug|Any CPU.ActiveCfg = Debug|Any CPU
		{3B366E70-892C-4C42-9CE6-A871F0AA77CE}.Release|Any CPU.ActiveCfg = Release|Any CPU
	EndGlobalSection
	GlobalSection(SolutionProperties) = preSolution
		HideSolutionNode = FALSE
	EndGlobalSection
	GlobalSection(ExtensibilityGlobals) = postSolution
		SolutionGuid = {0D5ED44D-0D70-48A6-8B9E-4C03199F7D57}
	EndGlobalSection
EndGlobal
